github.com/Voltaic314/Data_migration_Tool v0.0.0-20250209040811-96f335fe4db8 h1:cZ2LRn5ONhA3DPVbtm/sGnNyxLtcrAoSEW1bDkG8q8M=
github.com/Voltaic314/Data_migration_Tool v0.0.0-20250209040811-96f335fe4db8/go.mod h1:yq1T62GcxAhiCEG7KH+lBdilxsIIkMJH07Md5iKAKsg=
github.com/mattn/go-sqlite3 v1.14.24 h1:tpSp2G2KyMnnQu99ngJ47EIkWVmliIizyZBfPrBWDRM=
github.com/mattn/go-sqlite3 v1.14.24/go.mod h1:Uh1q+B4BYcTPb+yiD3kU8Ct7aC0hY9fxUwlHK0RXw+Y=
